
Microsoft Visual Studio Solution File, Format Version 12.00
# Visual Studio Version 16
VisualStudioVersion = 16.0.31320.298
MinimumVisualStudioVersion = 10.0.40219.1
Project("{8BC9CEB8-8B4A-11D0-8D11-00A0C91BC942}") = "Component", "Component.vcxproj", "{FC60E589-BFAF-4C01-AA10-D12A108FA247}"
EndProject
Project("{8BC9CEB8-8B4A-11D0-8D11-00A0C91BC942}") = "Hls", "Hls.vcxproj", "{D44BF14E-07EF-4205-95E6-340C6B100E1C}"
EndProject
Project("{8BC9CEB8-8B4A-11D0-8D11-00A0C91BC942}") = "NetWork", "NetWork.vcxproj", "{A0912DF7-310A-4AC5-B897-02B6F91E1628}"
EndProject
Project("{8BC9CEB8-8B4A-11D0-8D11-00A0C91BC942}") = "Rtsp", "Rtsp.vcxproj", "{C2C64455-2BBD-4789-A685-F6637C0F814F}"
EndProject
Project("{8BC9CEB8-8B4A-11D0-8D11-00A0C91BC942}") = "Test", "Test.vcxproj", "{58533EBE-FA0F-4391-8656-17D4B4820391}"
EndProject
Project("{2150E333-8FDC-42A3-9474-1A3956D46DE8}") = "global", "global", "{F829A7E2-04F4-45F9-9FE9-FE05FD5E702C}"
	ProjectSection(SolutionItems) = preProject
		..\Build.sh = ..\Build.sh
		..\LICENSE = ..\LICENSE
		..\README.md = ..\README.md
	EndProjectSection
EndProject
Project("{8BC9CEB8-8B4A-11D0-8D11-00A0C91BC942}") = "HttpMjpg", "HttpMjpg.vcxproj", "{DAF98E6B-7E2C-451C-A2BD-CECB9CDDC09E}"
EndProject
Global
	GlobalSection(SolutionConfigurationPlatforms) = preSolution
		Debug|ARM = Debug|ARM
		Debug|ARM64 = Debug|ARM64
		Debug|x64 = Debug|x64
		Debug|x86 = Debug|x86
		Release|ARM = Release|ARM
		Release|ARM64 = Release|ARM64
		Release|x64 = Release|x64
		Release|x86 = Release|x86
	EndGlobalSection
	GlobalSection(ProjectConfigurationPlatforms) = postSolution
		{FC60E589-BFAF-4C01-AA10-D12A108FA247}.Debug|ARM.ActiveCfg = Debug|ARM
		{FC60E589-BFAF-4C01-AA10-D12A108FA247}.Debug|ARM.Build.0 = Debug|ARM
		{FC60E589-BFAF-4C01-AA10-D12A108FA247}.Debug|ARM.Deploy.0 = Debug|ARM
		{FC60E589-BFAF-4C01-AA10-D12A108FA247}.Debug|ARM64.ActiveCfg = Debug|ARM64
		{FC60E589-BFAF-4C01-AA10-D12A108FA247}.Debug|ARM64.Build.0 = Debug|ARM64
		{FC60E589-BFAF-4C01-AA10-D12A108FA247}.Debug|ARM64.Deploy.0 = Debug|ARM64
		{FC60E589-BFAF-4C01-AA10-D12A108FA247}.Debug|x64.ActiveCfg = Debug|x64
		{FC60E589-BFAF-4C01-AA10-D12A108FA247}.Debug|x64.Build.0 = Debug|x64
		{FC60E589-BFAF-4C01-AA10-D12A108FA247}.Debug|x64.Deploy.0 = Debug|x64
		{FC60E589-BFAF-4C01-AA10-D12A108FA247}.Debug|x86.ActiveCfg = Debug|x86
		{FC60E589-BFAF-4C01-AA10-D12A108FA247}.Debug|x86.Build.0 = Debug|x86
		{FC60E589-BFAF-4C01-AA10-D12A108FA247}.Debug|x86.Deploy.0 = Debug|x86
		{FC60E589-BFAF-4C01-AA10-D12A108FA247}.Release|ARM.ActiveCfg = Release|ARM
		{FC60E589-BFAF-4C01-AA10-D12A108FA247}.Release|ARM.Build.0 = Release|ARM
		{FC60E589-BFAF-4C01-AA10-D12A108FA247}.Release|ARM.Deploy.0 = Release|ARM
		{FC60E589-BFAF-4C01-AA10-D12A108FA247}.Release|ARM64.ActiveCfg = Release|ARM64
		{FC60E589-BFAF-4C01-AA10-D12A108FA247}.Release|ARM64.Build.0 = Release|ARM64
		{FC60E589-BFAF-4C01-AA10-D12A108FA247}.Release|ARM64.Deploy.0 = Release|ARM64
		{FC60E589-BFAF-4C01-AA10-D12A108FA247}.Release|x64.ActiveCfg = Release|x64
		{FC60E589-BFAF-4C01-AA10-D12A108FA247}.Release|x64.Build.0 = Release|x64
		{FC60E589-BFAF-4C01-AA10-D12A108FA247}.Release|x64.Deploy.0 = Release|x64
		{FC60E589-BFAF-4C01-AA10-D12A108FA247}.Release|x86.ActiveCfg = Release|x86
		{FC60E589-BFAF-4C01-AA10-D12A108FA247}.Release|x86.Build.0 = Release|x86
		{FC60E589-BFAF-4C01-AA10-D12A108FA247}.Release|x86.Deploy.0 = Release|x86
		{D44BF14E-07EF-4205-95E6-340C6B100E1C}.Debug|ARM.ActiveCfg = Debug|ARM
		{D44BF14E-07EF-4205-95E6-340C6B100E1C}.Debug|ARM.Build.0 = Debug|ARM
		{D44BF14E-07EF-4205-95E6-340C6B100E1C}.Debug|ARM.Deploy.0 = Debug|ARM
		{D44BF14E-07EF-4205-95E6-340C6B100E1C}.Debug|ARM64.ActiveCfg = Debug|ARM64
		{D44BF14E-07EF-4205-95E6-340C6B100E1C}.Debug|ARM64.Build.0 = Debug|ARM64
		{D44BF14E-07EF-4205-95E6-340C6B100E1C}.Debug|ARM64.Deploy.0 = Debug|ARM64
		{D44BF14E-07EF-4205-95E6-340C6B100E1C}.Debug|x64.ActiveCfg = Debug|x64
		{D44BF14E-07EF-4205-95E6-340C6B100E1C}.Debug|x64.Build.0 = Debug|x64
		{D44BF14E-07EF-4205-95E6-340C6B100E1C}.Debug|x64.Deploy.0 = Debug|x64
		{D44BF14E-07EF-4205-95E6-340C6B100E1C}.Debug|x86.ActiveCfg = Debug|x86
		{D44BF14E-07EF-4205-95E6-340C6B100E1C}.Debug|x86.Build.0 = Debug|x86
		{D44BF14E-07EF-4205-95E6-340C6B100E1C}.Debug|x86.Deploy.0 = Debug|x86
		{D44BF14E-07EF-4205-95E6-340C6B100E1C}.Release|ARM.ActiveCfg = Release|ARM
		{D44BF14E-07EF-4205-95E6-340C6B100E1C}.Release|ARM.Build.0 = Release|ARM
		{D44BF14E-07EF-4205-95E6-340C6B100E1C}.Release|ARM.Deploy.0 = Release|ARM
		{D44BF14E-07EF-4205-95E6-340C6B100E1C}.Release|ARM64.ActiveCfg = Release|ARM64
		{D44BF14E-07EF-4205-95E6-340C6B100E1C}.Release|ARM64.Build.0 = Release|ARM64
		{D44BF14E-07EF-4205-95E6-340C6B100E1C}.Release|ARM64.Deploy.0 = Release|ARM64
		{D44BF14E-07EF-4205-95E6-340C6B100E1C}.Release|x64.ActiveCfg = Release|x64
		{D44BF14E-07EF-4205-95E6-340C6B100E1C}.Release|x64.Build.0 = Release|x64
		{D44BF14E-07EF-4205-95E6-340C6B100E1C}.Release|x64.Deploy.0 = Release|x64
		{D44BF14E-07EF-4205-95E6-340C6B100E1C}.Release|x86.ActiveCfg = Release|x86
		{D44BF14E-07EF-4205-95E6-340C6B100E1C}.Release|x86.Build.0 = Release|x86
		{D44BF14E-07EF-4205-95E6-340C6B100E1C}.Release|x86.Deploy.0 = Release|x86
		{A0912DF7-310A-4AC5-B897-02B6F91E1628}.Debug|ARM.ActiveCfg = Debug|ARM
		{A0912DF7-310A-4AC5-B897-02B6F91E1628}.Debug|ARM.Build.0 = Debug|ARM
		{A0912DF7-310A-4AC5-B897-02B6F91E1628}.Debug|ARM.Deploy.0 = Debug|ARM
		{A0912DF7-310A-4AC5-B897-02B6F91E1628}.Debug|ARM64.ActiveCfg = Debug|ARM64
		{A0912DF7-310A-4AC5-B897-02B6F91E1628}.Debug|ARM64.Build.0 = Debug|ARM64
		{A0912DF7-310A-4AC5-B897-02B6F91E1628}.Debug|ARM64.Deploy.0 = Debug|ARM64
		{A0912DF7-310A-4AC5-B897-02B6F91E1628}.Debug|x64.ActiveCfg = Debug|x64
		{A0912DF7-310A-4AC5-B897-02B6F91E1628}.Debug|x64.Build.0 = Debug|x64
		{A0912DF7-310A-4AC5-B897-02B6F91E1628}.Debug|x64.Deploy.0 = Debug|x64
		{A0912DF7-310A-4AC5-B897-02B6F91E1628}.Debug|x86.ActiveCfg = Debug|x86
		{A0912DF7-310A-4AC5-B897-02B6F91E1628}.Debug|x86.Build.0 = Debug|x86
		{A0912DF7-310A-4AC5-B897-02B6F91E1628}.Debug|x86.Deploy.0 = Debug|x86
		{A0912DF7-310A-4AC5-B897-02B6F91E1628}.Release|ARM.ActiveCfg = Release|ARM
		{A0912DF7-310A-4AC5-B897-02B6F91E1628}.Release|ARM.Build.0 = Release|ARM
		{A0912DF7-310A-4AC5-B897-02B6F91E1628}.Release|ARM.Deploy.0 = Release|ARM
		{A0912DF7-310A-4AC5-B897-02B6F91E1628}.Release|ARM64.ActiveCfg = Release|ARM64
		{A0912DF7-310A-4AC5-B897-02B6F91E1628}.Release|ARM64.Build.0 = Release|ARM64
		{A0912DF7-310A-4AC5-B897-02B6F91E1628}.Release|ARM64.Deploy.0 = Release|ARM64
		{A0912DF7-310A-4AC5-B897-02B6F91E1628}.Release|x64.ActiveCfg = Release|x64
		{A0912DF7-310A-4AC5-B897-02B6F91E1628}.Release|x64.Build.0 = Release|x64
		{A0912DF7-310A-4AC5-B897-02B6F91E1628}.Release|x64.Deploy.0 = Release|x64
		{A0912DF7-310A-4AC5-B897-02B6F91E1628}.Release|x86.ActiveCfg = Release|x86
		{A0912DF7-310A-4AC5-B897-02B6F91E1628}.Release|x86.Build.0 = Release|x86
		{A0912DF7-310A-4AC5-B897-02B6F91E1628}.Release|x86.Deploy.0 = Release|x86
		{C2C64455-2BBD-4789-A685-F6637C0F814F}.Debug|ARM.ActiveCfg = Debug|ARM
		{C2C64455-2BBD-4789-A685-F6637C0F814F}.Debug|ARM.Build.0 = Debug|ARM
		{C2C64455-2BBD-4789-A685-F6637C0F814F}.Debug|ARM.Deploy.0 = Debug|ARM
		{C2C64455-2BBD-4789-A685-F6637C0F814F}.Debug|ARM64.ActiveCfg = Debug|ARM64
		{C2C64455-2BBD-4789-A685-F6637C0F814F}.Debug|ARM64.Build.0 = Debug|ARM64
		{C2C64455-2BBD-4789-A685-F6637C0F814F}.Debug|ARM64.Deploy.0 = Debug|ARM64
		{C2C64455-2BBD-4789-A685-F6637C0F814F}.Debug|x64.ActiveCfg = Debug|x64
		{C2C64455-2BBD-4789-A685-F6637C0F814F}.Debug|x64.Build.0 = Debug|x64
		{C2C64455-2BBD-4789-A685-F6637C0F814F}.Debug|x64.Deploy.0 = Debug|x64
		{C2C64455-2BBD-4789-A685-F6637C0F814F}.Debug|x86.ActiveCfg = Debug|x86
		{C2C64455-2BBD-4789-A685-F6637C0F814F}.Debug|x86.Build.0 = Debug|x86
		{C2C64455-2BBD-4789-A685-F6637C0F814F}.Debug|x86.Deploy.0 = Debug|x86
		{C2C64455-2BBD-4789-A685-F6637C0F814F}.Release|ARM.ActiveCfg = Release|ARM
		{C2C64455-2BBD-4789-A685-F6637C0F814F}.Release|ARM.Build.0 = Release|ARM
		{C2C64455-2BBD-4789-A685-F6637C0F814F}.Release|ARM.Deploy.0 = Release|ARM
		{C2C64455-2BBD-4789-A685-F6637C0F814F}.Release|ARM64.ActiveCfg = Release|ARM64
		{C2C64455-2BBD-4789-A685-F6637C0F814F}.Release|ARM64.Build.0 = Release|ARM64
		{C2C64455-2BBD-4789-A685-F6637C0F814F}.Release|ARM64.Deploy.0 = Release|ARM64
		{C2C64455-2BBD-4789-A685-F6637C0F814F}.Release|x64.ActiveCfg = Release|x64
		{C2C64455-2BBD-4789-A685-F6637C0F814F}.Release|x64.Build.0 = Release|x64
		{C2C64455-2BBD-4789-A685-F6637C0F814F}.Release|x64.Deploy.0 = Release|x64
		{C2C64455-2BBD-4789-A685-F6637C0F814F}.Release|x86.ActiveCfg = Release|x86
		{C2C64455-2BBD-4789-A685-F6637C0F814F}.Release|x86.Build.0 = Release|x86
		{C2C64455-2BBD-4789-A685-F6637C0F814F}.Release|x86.Deploy.0 = Release|x86
		{58533EBE-FA0F-4391-8656-17D4B4820391}.Debug|ARM.ActiveCfg = Debug|ARM
		{58533EBE-FA0F-4391-8656-17D4B4820391}.Debug|ARM.Build.0 = Debug|ARM
		{58533EBE-FA0F-4391-8656-17D4B4820391}.Debug|ARM.Deploy.0 = Debug|ARM
		{58533EBE-FA0F-4391-8656-17D4B4820391}.Debug|ARM64.ActiveCfg = Debug|ARM64
		{58533EBE-FA0F-4391-8656-17D4B4820391}.Debug|ARM64.Build.0 = Debug|ARM64
		{58533EBE-FA0F-4391-8656-17D4B4820391}.Debug|ARM64.Deploy.0 = Debug|ARM64
		{58533EBE-FA0F-4391-8656-17D4B4820391}.Debug|x64.ActiveCfg = Debug|x64
		{58533EBE-FA0F-4391-8656-17D4B4820391}.Debug|x64.Build.0 = Debug|x64
		{58533EBE-FA0F-4391-8656-17D4B4820391}.Debug|x64.Deploy.0 = Debug|x64
		{58533EBE-FA0F-4391-8656-17D4B4820391}.Debug|x86.ActiveCfg = Debug|x86
		{58533EBE-FA0F-4391-8656-17D4B4820391}.Debug|x86.Build.0 = Debug|x86
		{58533EBE-FA0F-4391-8656-17D4B4820391}.Debug|x86.Deploy.0 = Debug|x86
		{58533EBE-FA0F-4391-8656-17D4B4820391}.Release|ARM.ActiveCfg = Release|ARM
		{58533EBE-FA0F-4391-8656-17D4B4820391}.Release|ARM.Build.0 = Release|ARM
		{58533EBE-FA0F-4391-8656-17D4B4820391}.Release|ARM.Deploy.0 = Release|ARM
		{58533EBE-FA0F-4391-8656-17D4B4820391}.Release|ARM64.ActiveCfg = Release|ARM64
		{58533EBE-FA0F-4391-8656-17D4B4820391}.Release|ARM64.Build.0 = Release|ARM64
		{58533EBE-FA0F-4391-8656-17D4B4820391}.Release|ARM64.Deploy.0 = Release|ARM64
		{58533EBE-FA0F-4391-8656-17D4B4820391}.Release|x64.ActiveCfg = Release|x64
		{58533EBE-FA0F-4391-8656-17D4B4820391}.Release|x64.Build.0 = Release|x64
		{58533EBE-FA0F-4391-8656-17D4B4820391}.Release|x64.Deploy.0 = Release|x64
		{58533EBE-FA0F-4391-8656-17D4B4820391}.Release|x86.ActiveCfg = Release|x86
		{58533EBE-FA0F-4391-8656-17D4B4820391}.Release|x86.Build.0 = Release|x86
		{58533EBE-FA0F-4391-8656-17D4B4820391}.Release|x86.Deploy.0 = Release|x86
		{DAF98E6B-7E2C-451C-A2BD-CECB9CDDC09E}.Debug|ARM.ActiveCfg = Debug|ARM
		{DAF98E6B-7E2C-451C-A2BD-CECB9CDDC09E}.Debug|ARM.Build.0 = Debug|ARM
		{DAF98E6B-7E2C-451C-A2BD-CECB9CDDC09E}.Debug|ARM.Deploy.0 = Debug|ARM
		{DAF98E6B-7E2C-451C-A2BD-CECB9CDDC09E}.Debug|ARM64.ActiveCfg = Debug|ARM64
		{DAF98E6B-7E2C-451C-A2BD-CECB9CDDC09E}.Debug|ARM64.Build.0 = Debug|ARM64
		{DAF98E6B-7E2C-451C-A2BD-CECB9CDDC09E}.Debug|ARM64.Deploy.0 = Debug|ARM64
		{DAF98E6B-7E2C-451C-A2BD-CECB9CDDC09E}.Debug|x64.ActiveCfg = Debug|x64
		{DAF98E6B-7E2C-451C-A2BD-CECB9CDDC09E}.Debug|x64.Build.0 = Debug|x64
		{DAF98E6B-7E2C-451C-A2BD-CECB9CDDC09E}.Debug|x64.Deploy.0 = Debug|x64
		{DAF98E6B-7E2C-451C-A2BD-CECB9CDDC09E}.Debug|x86.ActiveCfg = Debug|x86
		{DAF98E6B-7E2C-451C-A2BD-CECB9CDDC09E}.Debug|x86.Build.0 = Debug|x86
		{DAF98E6B-7E2C-451C-A2BD-CECB9CDDC09E}.Debug|x86.Deploy.0 = Debug|x86
		{DAF98E6B-7E2C-451C-A2BD-CECB9CDDC09E}.Release|ARM.ActiveCfg = Release|ARM
		{DAF98E6B-7E2C-451C-A2BD-CECB9CDDC09E}.Release|ARM.Build.0 = Release|ARM
		{DAF98E6B-7E2C-451C-A2BD-CECB9CDDC09E}.Release|ARM.Deploy.0 = Release|ARM
		{DAF98E6B-7E2C-451C-A2BD-CECB9CDDC09E}.Release|ARM64.ActiveCfg = Release|ARM64
		{DAF98E6B-7E2C-451C-A2BD-CECB9CDDC09E}.Release|ARM64.Build.0 = Release|ARM64
		{DAF98E6B-7E2C-451C-A2BD-CECB9CDDC09E}.Release|ARM64.Deploy.0 = Release|ARM64
		{DAF98E6B-7E2C-451C-A2BD-CECB9CDDC09E}.Release|x64.ActiveCfg = Release|x64
		{DAF98E6B-7E2C-451C-A2BD-CECB9CDDC09E}.Release|x64.Build.0 = Release|x64
		{DAF98E6B-7E2C-451C-A2BD-CECB9CDDC09E}.Release|x64.Deploy.0 = Release|x64
		{DAF98E6B-7E2C-451C-A2BD-CECB9CDDC09E}.Release|x86.ActiveCfg = Release|x86
		{DAF98E6B-7E2C-451C-A2BD-CECB9CDDC09E}.Release|x86.Build.0 = Release|x86
		{DAF98E6B-7E2C-451C-A2BD-CECB9CDDC09E}.Release|x86.Deploy.0 = Release|x86
	EndGlobalSection
	GlobalSection(SolutionProperties) = preSolution
		HideSolutionNode = FALSE
	EndGlobalSection
	GlobalSection(ExtensibilityGlobals) = postSolution
		SolutionGuid = {23FFFD2B-C0F4-4037-82BC-2FCFBEDE3F32}
	EndGlobalSection
EndGlobal
